
Microsoft Visual Studio Solution File, Format Version 10.00
# Visual Studio 2008
Project("{FAE04EC0-301F-11D3-BF4B-00C04F79EFBC}") = "WSClient", "WSClient\WSClient.csproj", "{4AB03AB7-B43D-4B85-9BBA-33821857CF94}"
EndProject
Global
	GlobalSection(SolutionConfigurationPlatforms) = preSolution
		Debug|Any CPU = Debug|Any CPU
		Release|Any CPU = Release|Any CPU
	EndGlobalSection
	GlobalSection(ProjectConfigurationPlatforms) = postSolution
		{4AB03AB7-B43D-4B85-9BBA-33821857CF94}.Debug|Any CPU.ActiveCfg = Debug|Any CPU
		{4AB03AB7-B43D-4B85-9BBA-33821857CF94}.Debug|Any CPU.Build.0 = Debug|Any CPU
		{4AB03AB7-B43D-4B85-9BBA-33821857CF94}.Debug|Any CPU.Deploy.0 = Debug|Any CPU
		{4AB03AB7-B43D-4B85-9BBA-33821857CF94}.Release|Any CPU.ActiveCfg = Debug|Any CPU
	EndGlobalSection
	GlobalSection(SolutionProperties) = preSolution
		HideSolutionNode = FALSE
	EndGlobalSection
EndGlobal
